// !$*UTF8*$!
{
	archiveVersion = 1;
	classes = {
	};
	objectVersion = 50;
	objects = {

/* Begin PBXBuildFile section */
		DC81B03522490C62004EED00 /* AppDelegate.swift in Sources */ = {isa = PBXBuildFile; fileRef = DC81B03422490C62004EED00 /* AppDelegate.swift */; };
		DC81B03722490C62004EED00 /* ViewController.swift in Sources */ = {isa = PBXBuildFile; fileRef = DC81B03622490C62004EED00 /* ViewController.swift */; };
		DC81B03922490C63004EED00 /* Assets.xcassets in Resources */ = {isa = PBXBuildFile; fileRef = DC81B03822490C63004EED00 /* Assets.xcassets */; };
		DC81B03C22490C63004EED00 /* Main.storyboard in Resources */ = {isa = PBXBuildFile; fileRef = DC81B03A22490C63004EED00 /* Main.storyboard */; };
		DC81B04522490E8B004EED00 /* Pixel.swift in Sources */ = {isa = PBXBuildFile; fileRef = DC81B04422490E8B004EED00 /* Pixel.swift */; };
		DC81B047224921E7004EED00 /* PixelSet.swift in Sources */ = {isa = PBXBuildFile; fileRef = DC81B046224921E7004EED00 /* PixelSet.swift */; };
		DC81B04922492689004EED00 /* NSImage+Extension.swift in Sources */ = {isa = PBXBuildFile; fileRef = DC81B04822492689004EED00 /* NSImage+Extension.swift */; };
		DC81B04B224937C3004EED00 /* Ray.swift in Sources */ = {isa = PBXBuildFile; fileRef = DC81B04A224937C3004EED00 /* Ray.swift */; };
		DC81B04D2249389A004EED00 /* Camera.swift in Sources */ = {isa = PBXBuildFile; fileRef = DC81B04C2249389A004EED00 /* Camera.swift */; };
		DC81B04F22493B4C004EED00 /* float3+Extension.swift in Sources */ = {isa = PBXBuildFile; fileRef = DC81B04E22493B4C004EED00 /* float3+Extension.swift */; };
		DC81B05122494F07004EED00 /* Sphere.swift in Sources */ = {isa = PBXBuildFile; fileRef = DC81B05022494F07004EED00 /* Sphere.swift */; };
		DC81B05322496FF1004EED00 /* Light.swift in Sources */ = {isa = PBXBuildFile; fileRef = DC81B05222496FF1004EED00 /* Light.swift */; };
		DC81B055224985F7004EED00 /* Shading.swift in Sources */ = {isa = PBXBuildFile; fileRef = DC81B054224985F7004EED00 /* Shading.swift */; };
		DC81B05722498613004EED00 /* Projection.swift in Sources */ = {isa = PBXBuildFile; fileRef = DC81B05622498613004EED00 /* Projection.swift */; };
/* End PBXBuildFile section */

/* Begin PBXFileReference section */
		DC81B03122490C62004EED00 /* Ray Tracing.app */ = {isa = PBXFileReference; explicitFileType = wrapper.application; includeInIndex = 0; path = "Ray Tracing.app"; sourceTree = BUILT_PRODUCTS_DIR; };
		DC81B03422490C62004EED00 /* AppDelegate.swift */ = {isa = PBXFileReference; lastKnownFileType = sourcecode.swift; path = AppDelegate.swift; sourceTree = "<group>"; };
		DC81B03622490C62004EED00 /* ViewController.swift */ = {isa = PBXFileReference; lastKnownFileType = sourcecode.swift; path = ViewController.swift; sourceTree = "<group>"; };
		DC81B03822490C63004EED00 /* Assets.xcassets */ = {isa = PBXFileReference; lastKnownFileType = folder.assetcatalog; path = Assets.xcassets; sourceTree = "<group>"; };
		DC81B03B22490C63004EED00 /* Base */ = {isa = PBXFileReference; lastKnownFileType = file.storyboard; name = Base; path = Base.lproj/Main.storyboard; sourceTree = "<group>"; };
		DC81B03D22490C63004EED00 /* Info.plist */ = {isa = PBXFileReference; lastKnownFileType = text.plist.xml; path = Info.plist; sourceTree = "<group>"; };
		DC81B03E22490C63004EED00 /* Ray_Tracing.entitlements */ = {isa = PBXFileReference; lastKnownFileType = text.plist.entitlements; path = Ray_Tracing.entitlements; sourceTree = "<group>"; };
		DC81B04422490E8B004EED00 /* Pixel.swift */ = {isa = PBXFileReference; lastKnownFileType = sourcecode.swift; path = Pixel.swift; sourceTree = "<group>"; };
		DC81B046224921E7004EED00 /* PixelSet.swift */ = {isa = PBXFileReference; lastKnownFileType = sourcecode.swift; path = PixelSet.swift; sourceTree = "<group>"; };
		DC81B04822492689004EED00 /* NSImage+Extension.swift */ = {isa = PBXFileReference; lastKnownFileType = sourcecode.swift; path = "NSImage+Extension.swift"; sourceTree = "<group>"; };
		DC81B04A224937C3004EED00 /* Ray.swift */ = {isa = PBXFileReference; lastKnownFileType = sourcecode.swift; path = Ray.swift; sourceTree = "<group>"; };
		DC81B04C2249389A004EED00 /* Camera.swift */ = {isa = PBXFileReference; lastKnownFileType = sourcecode.swift; path = Camera.swift; sourceTree = "<group>"; };
		DC81B04E22493B4C004EED00 /* float3+Extension.swift */ = {isa = PBXFileReference; lastKnownFileType = sourcecode.swift; path = "float3+Extension.swift"; sourceTree = "<group>"; };
		DC81B05022494F07004EED00 /* Sphere.swift */ = {isa = PBXFileReference; lastKnownFileType = sourcecode.swift; path = Sphere.swift; sourceTree = "<group>"; };
		DC81B05222496FF1004EED00 /* Light.swift */ = {isa = PBXFileReference; lastKnownFileType = sourcecode.swift; path = Light.swift; sourceTree = "<group>"; };
		DC81B054224985F7004EED00 /* Shading.swift */ = {isa = PBXFileReference; lastKnownFileType = sourcecode.swift; path = Shading.swift; sourceTree = "<group>"; };
		DC81B05622498613004EED00 /* Projection.swift */ = {isa = PBXFileReference; lastKnownFileType = sourcecode.swift; path = Projection.swift; sourceTree = "<group>"; };
/* End PBXFileReference section */

/* Begin PBXFrameworksBuildPhase section */
		DC81B02E22490C62004EED00 /* Frameworks */ = {
			isa = PBXFrameworksBuildPhase;
			buildActionMask = 2147483647;
			files = (
			);
			runOnlyForDeploymentPostprocessing = 0;
		};
/* End PBXFrameworksBuildPhase section */

/* Begin PBXGroup section */
		DC81B02822490C62004EED00 = {
			isa = PBXGroup;
			children = (
				DC81B03322490C62004EED00 /* Ray Tracing */,
				DC81B03222490C62004EED00 /* Products */,
			);
			sourceTree = "<group>";
		};
		DC81B03222490C62004EED00 /* Products */ = {
			isa = PBXGroup;
			children = (
				DC81B03122490C62004EED00 /* Ray Tracing.app */,
			);
			name = Products;
			sourceTree = "<group>";
		};
		DC81B03322490C62004EED00 /* Ray Tracing */ = {
			isa = PBXGroup;
			children = (
				DC81B03422490C62004EED00 /* AppDelegate.swift */,
				DC81B03622490C62004EED00 /* ViewController.swift */,
				DC81B054224985F7004EED00 /* Shading.swift */,
				DC81B05622498613004EED00 /* Projection.swift */,
				DC81B05222496FF1004EED00 /* Light.swift */,
				DC81B04A224937C3004EED00 /* Ray.swift */,
				DC81B04C2249389A004EED00 /* Camera.swift */,
				DC81B04422490E8B004EED00 /* Pixel.swift */,
				DC81B046224921E7004EED00 /* PixelSet.swift */,
				DC81B05022494F07004EED00 /* Sphere.swift */,
				DC81B04E22493B4C004EED00 /* float3+Extension.swift */,
				DC81B04822492689004EED00 /* NSImage+Extension.swift */,
				DC81B03822490C63004EED00 /* Assets.xcassets */,
				DC81B03A22490C63004EED00 /* Main.storyboard */,
				DC81B03D22490C63004EED00 /* Info.plist */,
				DC81B03E22490C63004EED00 /* Ray_Tracing.entitlements */,
			);
			path = "Ray Tracing";
			sourceTree = "<group>";
		};
/* End PBXGroup section */

/* Begin PBXNativeTarget section */
		DC81B03022490C62004EED00 /* Ray Tracing */ = {
			isa = PBXNativeTarget;
			buildConfigurationList = DC81B04122490C63004EED00 /* Build configuration list for PBXNativeTarget "Ray Tracing" */;
			buildPhases = (
				DC81B02D22490C62004EED00 /* Sources */,
				DC81B02E22490C62004EED00 /* Frameworks */,
				DC81B02F22490C62004EED00 /* Resources */,
			);
			buildRules = (
			);
			dependencies = (
			);
			name = "Ray Tracing";
			productName = "Ray Tracing";
			productReference = DC81B03122490C62004EED00 /* Ray Tracing.app */;
			productType = "com.apple.product-type.application";
		};
/* End PBXNativeTarget section */

/* Begin PBXProject section */
		DC81B02922490C62004EED00 /* Project object */ = {
			isa = PBXProject;
			attributes = {
				LastSwiftUpdateCheck = 1010;
				LastUpgradeCheck = 1010;
				ORGANIZATIONNAME = "Mateus Rodrigues";
				TargetAttributes = {
					DC81B03022490C62004EED00 = {
						CreatedOnToolsVersion = 10.1;
					};
				};
			};
			buildConfigurationList = DC81B02C22490C62004EED00 /* Build configuration list for PBXProject "Ray Tracing" */;
			compatibilityVersion = "Xcode 9.3";
			developmentRegion = en;
			hasScannedForEncodings = 0;
			knownRegions = (
				en,
				Base,
			);
			mainGroup = DC81B02822490C62004EED00;
			productRefGroup = DC81B03222490C62004EED00 /* Products */;
			projectDirPath = "";
			projectRoot = "";
			targets = (
				DC81B03022490C62004EED00 /* Ray Tracing */,
			);
		};
/* End PBXProject section */

/* Begin PBXResourcesBuildPhase section */
		DC81B02F22490C62004EED00 /* Resources */ = {
			isa = PBXResourcesBuildPhase;
			buildActionMask = 2147483647;
			files = (
				DC81B03922490C63004EED00 /* Assets.xcassets in Resources */,
				DC81B03C22490C63004EED00 /* Main.storyboard in Resources */,
			);
			runOnlyForDeploymentPostprocessing = 0;
		};
/* End PBXResourcesBuildPhase section */

/* Begin PBXSourcesBuildPhase section */
		DC81B02D22490C62004EED00 /* Sources */ = {
			isa = PBXSourcesBuildPhase;
			buildActionMask = 2147483647;
			files = (
				DC81B03722490C62004EED00 /* ViewController.swift in Sources */,
				DC81B04522490E8B004EED00 /* Pixel.swift in Sources */,
				DC81B05122494F07004EED00 /* Sphere.swift in Sources */,
				DC81B04F22493B4C004EED00 /* float3+Extension.swift in Sources */,
				DC81B04B224937C3004EED00 /* Ray.swift in Sources */,
				DC81B04922492689004EED00 /* NSImage+Extension.swift in Sources */,
				DC81B05322496FF1004EED00 /* Light.swift in Sources */,
				DC81B03522490C62004EED00 /* AppDelegate.swift in Sources */,
				DC81B05722498613004EED00 /* Projection.swift in Sources */,
				DC81B04D2249389A004EED00 /* Camera.swift in Sources */,
				DC81B055224985F7004EED00 /* Shading.swift in Sources */,
				DC81B047224921E7004EED00 /* PixelSet.swift in Sources */,
			);
			runOnlyForDeploymentPostprocessing = 0;
		};
/* End PBXSourcesBuildPhase section */

/* Begin PBXVariantGroup section */
		DC81B03A22490C63004EED00 /* Main.storyboard */ = {
			isa = PBXVariantGroup;
			children = (
				DC81B03B22490C63004EED00 /* Base */,
			);
			name = Main.storyboard;
			sourceTree = "<group>";
		};
/* End PBXVariantGroup section */

/* Begin XCBuildConfiguration section */
		DC81B03F22490C63004EED00 /* Debug */ = {
			isa = XCBuildConfiguration;
			buildSettings = {
				ALWAYS_SEARCH_USER_PATHS = NO;
				CLANG_ANALYZER_NONNULL = YES;
				CLANG_ANALYZER_NUMBER_OBJECT_CONVERSION = YES_AGGRESSIVE;
				CLANG_CXX_LANGUAGE_STANDARD = "gnu++14";
				CLANG_CXX_LIBRARY = "libc++";
				CLANG_ENABLE_MODULES = YES;
				CLANG_ENABLE_OBJC_ARC = YES;
				CLANG_ENABLE_OBJC_WEAK = YES;
				CLANG_WARN_BLOCK_CAPTURE_AUTORELEASING = YES;
				CLANG_WARN_BOOL_CONVERSION = YES;
				CLANG_WARN_COMMA = YES;
				CLANG_WARN_CONSTANT_CONVERSION = YES;
				CLANG_WARN_DEPRECATED_OBJC_IMPLEMENTATIONS = YES;
				CLANG_WARN_DIRECT_OBJC_ISA_USAGE = YES_ERROR;
				CLANG_WARN_DOCUMENTATION_COMMENTS = YES;
				CLANG_WARN_EMPTY_BODY = YES;
				CLANG_WARN_ENUM_CONVERSION = YES;
				CLANG_WARN_INFINITE_RECURSION = YES;
				CLANG_WARN_INT_CONVERSION = YES;
				CLANG_WARN_NON_LITERAL_NULL_CONVERSION = YES;
				CLANG_WARN_OBJC_IMPLICIT_RETAIN_SELF = YES;
				CLANG_WARN_OBJC_LITERAL_CONVERSION = YES;
				CLANG_WARN_OBJC_ROOT_CLASS = YES_ERROR;
				CLANG_WARN_RANGE_LOOP_ANALYSIS = YES;
				CLANG_WARN_STRICT_PROTOTYPES = YES;
				CLANG_WARN_SUSPICIOUS_MOVE = YES;
				CLANG_WARN_UNGUARDED_AVAILABILITY = YES_AGGRESSIVE;
				CLANG_WARN_UNREACHABLE_CODE = YES;
				CLANG_WARN__DUPLICATE_METHOD_MATCH = YES;
				CODE_SIGN_IDENTITY = "Mac Developer";
				COPY_PHASE_STRIP = NO;
				DEBUG_INFORMATION_FORMAT = dwarf;
				ENABLE_STRICT_OBJC_MSGSEND = YES;
				ENABLE_TESTABILITY = YES;
				GCC_C_LANGUAGE_STANDARD = gnu11;
				GCC_DYNAMIC_NO_PIC = NO;
				GCC_NO_COMMON_BLOCKS = YES;
				GCC_OPTIMIZATION_LEVEL = 0;
				GCC_PREPROCESSOR_DEFINITIONS = (
					"DEBUG=1",
					"$(inherited)",
				);
				GCC_WARN_64_TO_32_BIT_CONVERSION = YES;
				GCC_WARN_ABOUT_RETURN_TYPE = YES_ERROR;
				GCC_WARN_UNDECLARED_SELECTOR = YES;
				GCC_WARN_UNINITIALIZED_AUTOS = YES_AGGRESSIVE;
				GCC_WARN_UNUSED_FUNCTION = YES;
				GCC_WARN_UNUSED_VARIABLE = YES;
				MACOSX_DEPLOYMENT_TARGET = 10.14;
				MTL_ENABLE_DEBUG_INFO = INCLUDE_SOURCE;
				MTL_FAST_MATH = YES;
				ONLY_ACTIVE_ARCH = YES;
				SDKROOT = macosx;
				SWIFT_ACTIVE_COMPILATION_CONDITIONS = DEBUG;
				SWIFT_OPTIMIZATION_LEVEL = "-Onone";
			};
			name = Debug;
		};
		DC81B04022490C63004EED00 /* Release */ = {
			isa = XCBuildConfiguration;
			buildSettings = {
				ALWAYS_SEARCH_USER_PATHS = NO;
				CLANG_ANALYZER_NONNULL = YES;
				CLANG_ANALYZER_NUMBER_OBJECT_CONVERSION = YES_AGGRESSIVE;
				CLANG_CXX_LANGUAGE_STANDARD = "gnu++14";
				CLANG_CXX_LIBRARY = "libc++";
				CLANG_ENABLE_MODULES = YES;
				CLANG_ENABLE_OBJC_ARC = YES;
				CLANG_ENABLE_OBJC_WEAK = YES;
				CLANG_WARN_BLOCK_CAPTURE_AUTORELEASING = YES;
				CLANG_WARN_BOOL_CONVERSION = YES;
				CLANG_WARN_COMMA = YES;
				CLANG_WARN_CONSTANT_CONVERSION = YES;
				CLANG_WARN_DEPRECATED_OBJC_IMPLEMENTATIONS = YES;
				CLANG_WARN_DIRECT_OBJC_ISA_USAGE = YES_ERROR;
				CLANG_WARN_DOCUMENTATION_COMMENTS = YES;
				CLANG_WARN_EMPTY_BODY = YES;
				CLANG_WARN_ENUM_CONVERSION = YES;
				CLANG_WARN_INFINITE_RECURSION = YES;
				CLANG_WARN_INT_CONVERSION = YES;
				CLANG_WARN_NON_LITERAL_NULL_CONVERSION = YES;
				CLANG_WARN_OBJC_IMPLICIT_RETAIN_SELF = YES;
				CLANG_WARN_OBJC_LITERAL_CONVERSION = YES;
				CLANG_WARN_OBJC_ROOT_CLASS = YES_ERROR;
				CLANG_WARN_RANGE_LOOP_ANALYSIS = YES;
				CLANG_WARN_STRICT_PROTOTYPES = YES;
				CLANG_WARN_SUSPICIOUS_MOVE = YES;
				CLANG_WARN_UNGUARDED_AVAILABILITY = YES_AGGRESSIVE;
				CLANG_WARN_UNREACHABLE_CODE = YES;
				CLANG_WARN__DUPLICATE_METHOD_MATCH = YES;
				CODE_SIGN_IDENTITY = "Mac Developer";
				COPY_PHASE_STRIP = NO;
				DEBUG_INFORMATION_FORMAT = "dwarf-with-dsym";
				ENABLE_NS_ASSERTIONS = NO;
				ENABLE_STRICT_OBJC_MSGSEND = YES;
				GCC_C_LANGUAGE_STANDARD = gnu11;
				GCC_NO_COMMON_BLOCKS = YES;
				GCC_WARN_64_TO_32_BIT_CONVERSION = YES;
				GCC_WARN_ABOUT_RETURN_TYPE = YES_ERROR;
				GCC_WARN_UNDECLARED_SELECTOR = YES;
				GCC_WARN_UNINITIALIZED_AUTOS = YES_AGGRESSIVE;
				GCC_WARN_UNUSED_FUNCTION = YES;
				GCC_WARN_UNUSED_VARIABLE = YES;
				MACOSX_DEPLOYMENT_TARGET = 10.14;
				MTL_ENABLE_DEBUG_INFO = NO;
				MTL_FAST_MATH = YES;
				SDKROOT = macosx;
				SWIFT_COMPILATION_MODE = wholemodule;
				SWIFT_OPTIMIZATION_LEVEL = "-O";
			};
			name = Release;
		};
		DC81B04222490C63004EED00 /* Debug */ = {
			isa = XCBuildConfiguration;
			buildSettings = {
				ASSETCATALOG_COMPILER_APPICON_NAME = AppIcon;
				CODE_SIGN_ENTITLEMENTS = "Ray Tracing/Ray_Tracing.entitlements";
				CODE_SIGN_STYLE = Automatic;
				COMBINE_HIDPI_IMAGES = YES;
				DEVELOPMENT_TEAM = 2CU37X4Q76;
				INFOPLIST_FILE = "Ray Tracing/Info.plist";
				LD_RUNPATH_SEARCH_PATHS = (
					"$(inherited)",
					"@executable_path/../Frameworks",
				);
				PRODUCT_BUNDLE_IDENTIFIER = "academy.ifce.mateus.Ray-Tracing";
				PRODUCT_NAME = "$(TARGET_NAME)";
				SWIFT_VERSION = 4.2;
			};
			name = Debug;
		};
		DC81B04322490C63004EED00 /* Release */ = {
			isa = XCBuildConfiguration;
			buildSettings = {
				ASSETCATALOG_COMPILER_APPICON_NAME = AppIcon;
				CODE_SIGN_ENTITLEMENTS = "Ray Tracing/Ray_Tracing.entitlements";
				CODE_SIGN_STYLE = Automatic;
				COMBINE_HIDPI_IMAGES = YES;
				DEVELOPMENT_TEAM = 2CU37X4Q76;
				INFOPLIST_FILE = "Ray Tracing/Info.plist";
				LD_RUNPATH_SEARCH_PATHS = (
					"$(inherited)",
					"@executable_path/../Frameworks",
				);
				PRODUCT_BUNDLE_IDENTIFIER = "academy.ifce.mateus.Ray-Tracing";
				PRODUCT_NAME = "$(TARGET_NAME)";
				SWIFT_VERSION = 4.2;
			};
			name = Release;
		};
/* End XCBuildConfiguration section */

/* Begin XCConfigurationList section */
		DC81B02C22490C62004EED00 /* Build configuration list for PBXProject "Ray Tracing" */ = {
			isa = XCConfigurationList;
			buildConfigurations = (
				DC81B03F22490C63004EED00 /* Debug */,
				DC81B04022490C63004EED00 /* Release */,
			);
			defaultConfigurationIsVisible = 0;
			defaultConfigurationName = Release;
		};
		DC81B04122490C63004EED00 /* Build configuration list for PBXNativeTarget "Ray Tracing" */ = {
			isa = XCConfigurationList;
			buildConfigurations = (
				DC81B04222490C63004EED00 /* Debug */,
				DC81B04322490C63004EED00 /* Release */,
			);
			defaultConfigurationIsVisible = 0;
			defaultConfigurationName = Release;
		};
/* End XCConfigurationList section */
	};
	rootObject = DC81B02922490C62004EED00 /* Project object */;
}
